PODS:
  - BUKPhotoEditViewController (0.1.3)

DEPENDENCIES:
  - BUKPhotoEditViewController (from `../`)

EXTERNAL SOURCES:
  BUKPhotoEditViewController:
    :path: ../

SPEC CHECKSUMS:
  BUKPhotoEditViewController: 3f478ed6b0cdeaf4fb785a098bff7aba7d0d4958

PODFILE CHECKSUM: a4722950501f8da1f361324ec09ab9a03e548039

COCOAPODS: 1.3.1
