PODS:
  - BUKPhotoEditViewController (0.1.3)

DEPENDENCIES:
  - BUKPhotoEditViewController (from `../`)

EXTERNAL SOURCES:
  BUKPhotoEditViewController:
    :path: "../"

SPEC CHECKSUMS:
  BUKPhotoEditViewController: 4da67983a07469a3a6a65251ca1292ff74776677

PODFILE CHECKSUM: 1c42017637bad8d40f738ea3cbcfea91a0ac51e6

COCOAPODS: 1.0.1
