// !$*UTF8*$!
{
	archiveVersion = 1;
	classes = {
	};
	objectVersion = 46;
	objects = {

/* Begin PBXBuildFile section */
		6330CCD51C52144E005FD450 /* 2.png in Resources */ = {isa = PBXBuildFile; fileRef = 6330CCD41C52144E005FD450 /* 2.png */; };
		6330CCD81C5215AC005FD450 /* UIColor+Theme.m in Sources */ = {isa = PBXBuildFile; fileRef = 6330CCD71C5215AC005FD450 /* UIColor+Theme.m */; };
		6339E1061C473BBC001AA9E5 /* CoreImage.framework in Frameworks */ = {isa = PBXBuildFile; fileRef = 6339E1051C473BBC001AA9E5 /* CoreImage.framework */; };
		6339E1101C473E72001AA9E5 /* BUKPhotoFiltersScrollView.m in Sources */ = {isa = PBXBuildFile; fileRef = 6339E10F1C473E72001AA9E5 /* BUKPhotoFiltersScrollView.m */; };
		6339E1131C474DDA001AA9E5 /* BUKPhotoFilterView.m in Sources */ = {isa = PBXBuildFile; fileRef = 6339E1121C474DDA001AA9E5 /* BUKPhotoFilterView.m */; };
		634D34041C5F2C8700AD3F50 /* 1.jpg in Resources */ = {isa = PBXBuildFile; fileRef = 634D34031C5F2C8700AD3F50 /* 1.jpg */; };
		637E02381C5CE3E90057777B /* LCMosaicImageView.m in Sources */ = {isa = PBXBuildFile; fileRef = 637E02361C5CE3E90057777B /* LCMosaicImageView.m */; };
		638EBED51C520A23001DAC6E /* BUKPhotoFilter.m in Sources */ = {isa = PBXBuildFile; fileRef = 638EBED41C520A23001DAC6E /* BUKPhotoFilter.m */; };
		638EBED81C520DB5001DAC6E /* UIImage+Crop.m in Sources */ = {isa = PBXBuildFile; fileRef = 638EBED71C520DB5001DAC6E /* UIImage+Crop.m */; };
		63DEFBB71BEF04250089746C /* main.m in Sources */ = {isa = PBXBuildFile; fileRef = 63DEFBB61BEF04250089746C /* main.m */; };
		63DEFBBA1BEF04250089746C /* AppDelegate.m in Sources */ = {isa = PBXBuildFile; fileRef = 63DEFBB91BEF04250089746C /* AppDelegate.m */; };
		63DEFBBD1BEF04250089746C /* ViewController.m in Sources */ = {isa = PBXBuildFile; fileRef = 63DEFBBC1BEF04250089746C /* ViewController.m */; };
		63DEFBC01BEF04250089746C /* Main.storyboard in Resources */ = {isa = PBXBuildFile; fileRef = 63DEFBBE1BEF04250089746C /* Main.storyboard */; };
		63DEFBC21BEF04250089746C /* Assets.xcassets in Resources */ = {isa = PBXBuildFile; fileRef = 63DEFBC11BEF04250089746C /* Assets.xcassets */; };
		63DEFBC51BEF04250089746C /* LaunchScreen.storyboard in Resources */ = {isa = PBXBuildFile; fileRef = 63DEFBC31BEF04250089746C /* LaunchScreen.storyboard */; };
		63DEFBD71BEF04640089746C /* BUKPhotoClipViewController.m in Sources */ = {isa = PBXBuildFile; fileRef = 63DEFBCE1BEF04640089746C /* BUKPhotoClipViewController.m */; };
		63DEFBD81BEF04640089746C /* BUKPhotoEditViewController.m in Sources */ = {isa = PBXBuildFile; fileRef = 63DEFBD01BEF04640089746C /* BUKPhotoEditViewController.m */; };
		63DEFBD91BEF04640089746C /* BUKPhotoMosaicViewController.m in Sources */ = {isa = PBXBuildFile; fileRef = 63DEFBD21BEF04640089746C /* BUKPhotoMosaicViewController.m */; };
		63DEFBDB1BEF04640089746C /* UIColor+hex.m in Sources */ = {isa = PBXBuildFile; fileRef = 63DEFBD61BEF04640089746C /* UIColor+hex.m */; };
/* End PBXBuildFile section */

/* Begin PBXFileReference section */
		6330CCD41C52144E005FD450 /* 2.png */ = {isa = PBXFileReference; lastKnownFileType = image.png; path = 2.png; sourceTree = "<group>"; };
		6330CCD61C5215AC005FD450 /* UIColor+Theme.h */ = {isa = PBXFileReference; fileEncoding = 4; lastKnownFileType = sourcecode.c.h; path = "UIColor+Theme.h"; sourceTree = "<group>"; };
		6330CCD71C5215AC005FD450 /* UIColor+Theme.m */ = {isa = PBXFileReference; fileEncoding = 4; lastKnownFileType = sourcecode.c.objc; path = "UIColor+Theme.m"; sourceTree = "<group>"; };
		6339E1051C473BBC001AA9E5 /* CoreImage.framework */ = {isa = PBXFileReference; lastKnownFileType = wrapper.framework; name = CoreImage.framework; path = System/Library/Frameworks/CoreImage.framework; sourceTree = SDKROOT; };
		6339E10E1C473E72001AA9E5 /* BUKPhotoFiltersScrollView.h */ = {isa = PBXFileReference; fileEncoding = 4; lastKnownFileType = sourcecode.c.h; path = BUKPhotoFiltersScrollView.h; sourceTree = "<group>"; };
		6339E10F1C473E72001AA9E5 /* BUKPhotoFiltersScrollView.m */ = {isa = PBXFileReference; fileEncoding = 4; lastKnownFileType = sourcecode.c.objc; path = BUKPhotoFiltersScrollView.m; sourceTree = "<group>"; };
		6339E1111C474DDA001AA9E5 /* BUKPhotoFilterView.h */ = {isa = PBXFileReference; fileEncoding = 4; lastKnownFileType = sourcecode.c.h; path = BUKPhotoFilterView.h; sourceTree = "<group>"; };
		6339E1121C474DDA001AA9E5 /* BUKPhotoFilterView.m */ = {isa = PBXFileReference; fileEncoding = 4; lastKnownFileType = sourcecode.c.objc; path = BUKPhotoFilterView.m; sourceTree = "<group>"; };
		634D34031C5F2C8700AD3F50 /* 1.jpg */ = {isa = PBXFileReference; lastKnownFileType = image.jpeg; path = 1.jpg; sourceTree = "<group>"; };
		637E02361C5CE3E90057777B /* LCMosaicImageView.m */ = {isa = PBXFileReference; fileEncoding = 4; lastKnownFileType = sourcecode.c.objc; path = LCMosaicImageView.m; sourceTree = "<group>"; };
		637E02371C5CE3E90057777B /* LCMosaicImageView.h */ = {isa = PBXFileReference; fileEncoding = 4; lastKnownFileType = sourcecode.c.h; path = LCMosaicImageView.h; sourceTree = "<group>"; };
		638EBED31C520A23001DAC6E /* BUKPhotoFilter.h */ = {isa = PBXFileReference; fileEncoding = 4; lastKnownFileType = sourcecode.c.h; path = BUKPhotoFilter.h; sourceTree = "<group>"; };
		638EBED41C520A23001DAC6E /* BUKPhotoFilter.m */ = {isa = PBXFileReference; fileEncoding = 4; lastKnownFileType = sourcecode.c.objc; path = BUKPhotoFilter.m; sourceTree = "<group>"; };
		638EBED61C520DB5001DAC6E /* UIImage+Crop.h */ = {isa = PBXFileReference; fileEncoding = 4; lastKnownFileType = sourcecode.c.h; path = "UIImage+Crop.h"; sourceTree = "<group>"; };
		638EBED71C520DB5001DAC6E /* UIImage+Crop.m */ = {isa = PBXFileReference; fileEncoding = 4; lastKnownFileType = sourcecode.c.objc; path = "UIImage+Crop.m"; sourceTree = "<group>"; };
		63DEFBB21BEF04250089746C /* BUKPhotoEditViewController.app */ = {isa = PBXFileReference; explicitFileType = wrapper.application; includeInIndex = 0; path = BUKPhotoEditViewController.app; sourceTree = BUILT_PRODUCTS_DIR; };
		63DEFBB61BEF04250089746C /* main.m */ = {isa = PBXFileReference; lastKnownFileType = sourcecode.c.objc; path = main.m; sourceTree = "<group>"; };
		63DEFBB81BEF04250089746C /* AppDelegate.h */ = {isa = PBXFileReference; lastKnownFileType = sourcecode.c.h; path = AppDelegate.h; sourceTree = "<group>"; };
		63DEFBB91BEF04250089746C /* AppDelegate.m */ = {isa = PBXFileReference; lastKnownFileType = sourcecode.c.objc; path = AppDelegate.m; sourceTree = "<group>"; };
		63DEFBBB1BEF04250089746C /* ViewController.h */ = {isa = PBXFileReference; lastKnownFileType = sourcecode.c.h; path = ViewController.h; sourceTree = "<group>"; };
		63DEFBBC1BEF04250089746C /* ViewController.m */ = {isa = PBXFileReference; lastKnownFileType = sourcecode.c.objc; path = ViewController.m; sourceTree = "<group>"; };
		63DEFBBF1BEF04250089746C /* Base */ = {isa = PBXFileReference; lastKnownFileType = file.storyboard; name = Base; path = Base.lproj/Main.storyboard; sourceTree = "<group>"; };
		63DEFBC11BEF04250089746C /* Assets.xcassets */ = {isa = PBXFileReference; lastKnownFileType = folder.assetcatalog; path = Assets.xcassets; sourceTree = "<group>"; };
		63DEFBC41BEF04250089746C /* Base */ = {isa = PBXFileReference; lastKnownFileType = file.storyboard; name = Base; path = Base.lproj/LaunchScreen.storyboard; sourceTree = "<group>"; };
		63DEFBC61BEF04250089746C /* Info.plist */ = {isa = PBXFileReference; lastKnownFileType = text.plist.xml; path = Info.plist; sourceTree = "<group>"; };
		63DEFBCD1BEF04640089746C /* BUKPhotoClipViewController.h */ = {isa = PBXFileReference; fileEncoding = 4; lastKnownFileType = sourcecode.c.h; path = BUKPhotoClipViewController.h; sourceTree = "<group>"; };
		63DEFBCE1BEF04640089746C /* BUKPhotoClipViewController.m */ = {isa = PBXFileReference; fileEncoding = 4; lastKnownFileType = sourcecode.c.objc; path = BUKPhotoClipViewController.m; sourceTree = "<group>"; };
		63DEFBCF1BEF04640089746C /* BUKPhotoEditViewController.h */ = {isa = PBXFileReference; fileEncoding = 4; lastKnownFileType = sourcecode.c.h; path = BUKPhotoEditViewController.h; sourceTree = "<group>"; };
		63DEFBD01BEF04640089746C /* BUKPhotoEditViewController.m */ = {isa = PBXFileReference; fileEncoding = 4; lastKnownFileType = sourcecode.c.objc; path = BUKPhotoEditViewController.m; sourceTree = "<group>"; };
		63DEFBD11BEF04640089746C /* BUKPhotoMosaicViewController.h */ = {isa = PBXFileReference; fileEncoding = 4; lastKnownFileType = sourcecode.c.h; path = BUKPhotoMosaicViewController.h; sourceTree = "<group>"; };
		63DEFBD21BEF04640089746C /* BUKPhotoMosaicViewController.m */ = {isa = PBXFileReference; fileEncoding = 4; lastKnownFileType = sourcecode.c.objc; path = BUKPhotoMosaicViewController.m; sourceTree = "<group>"; };
		63DEFBD51BEF04640089746C /* UIColor+hex.h */ = {isa = PBXFileReference; fileEncoding = 4; lastKnownFileType = sourcecode.c.h; path = "UIColor+hex.h"; sourceTree = "<group>"; };
		63DEFBD61BEF04640089746C /* UIColor+hex.m */ = {isa = PBXFileReference; fileEncoding = 4; lastKnownFileType = sourcecode.c.objc; path = "UIColor+hex.m"; sourceTree = "<group>"; };
/* End PBXFileReference section */

/* Begin PBXFrameworksBuildPhase section */
		63DEFBAF1BEF04250089746C /* Frameworks */ = {
			isa = PBXFrameworksBuildPhase;
			buildActionMask = 2147483647;
			files = (
				6339E1061C473BBC001AA9E5 /* CoreImage.framework in Frameworks */,
			);
			runOnlyForDeploymentPostprocessing = 0;
		};
/* End PBXFrameworksBuildPhase section */

/* Begin PBXGroup section */
		6339E10A1C473C7B001AA9E5 /* Filters */ = {
			isa = PBXGroup;
			children = (
				6339E10E1C473E72001AA9E5 /* BUKPhotoFiltersScrollView.h */,
				6339E10F1C473E72001AA9E5 /* BUKPhotoFiltersScrollView.m */,
				6339E1111C474DDA001AA9E5 /* BUKPhotoFilterView.h */,
				6339E1121C474DDA001AA9E5 /* BUKPhotoFilterView.m */,
				638EBED31C520A23001DAC6E /* BUKPhotoFilter.h */,
				638EBED41C520A23001DAC6E /* BUKPhotoFilter.m */,
			);
			name = Filters;
			sourceTree = "<group>";
		};
		6339E10B1C473C81001AA9E5 /* Clip */ = {
			isa = PBXGroup;
			children = (
				63DEFBCD1BEF04640089746C /* BUKPhotoClipViewController.h */,
				63DEFBCE1BEF04640089746C /* BUKPhotoClipViewController.m */,
			);
			name = Clip;
			sourceTree = "<group>";
		};
		6339E10C1C473C88001AA9E5 /* Mosaic */ = {
			isa = PBXGroup;
			children = (
				637E02361C5CE3E90057777B /* LCMosaicImageView.m */,
				637E02371C5CE3E90057777B /* LCMosaicImageView.h */,
				63DEFBD11BEF04640089746C /* BUKPhotoMosaicViewController.h */,
				63DEFBD21BEF04640089746C /* BUKPhotoMosaicViewController.m */,
			);
			name = Mosaic;
			sourceTree = "<group>";
		};
		6339E10D1C473CA3001AA9E5 /* Util */ = {
			isa = PBXGroup;
			children = (
				638EBED61C520DB5001DAC6E /* UIImage+Crop.h */,
				638EBED71C520DB5001DAC6E /* UIImage+Crop.m */,
				63DEFBD51BEF04640089746C /* UIColor+hex.h */,
				63DEFBD61BEF04640089746C /* UIColor+hex.m */,
				6330CCD61C5215AC005FD450 /* UIColor+Theme.h */,
				6330CCD71C5215AC005FD450 /* UIColor+Theme.m */,
			);
			name = Util;
			sourceTree = "<group>";
		};
		63DEFBA91BEF04250089746C = {
			isa = PBXGroup;
			children = (
				63DEFBB41BEF04250089746C /* BUKPhotoEditViewController */,
				63DEFBB31BEF04250089746C /* Products */,
			);
			sourceTree = "<group>";
		};
		63DEFBB31BEF04250089746C /* Products */ = {
			isa = PBXGroup;
			children = (
				63DEFBB21BEF04250089746C /* BUKPhotoEditViewController.app */,
			);
			name = Products;
			sourceTree = "<group>";
		};
		63DEFBB41BEF04250089746C /* BUKPhotoEditViewController */ = {
			isa = PBXGroup;
			children = (
				63DEFBCC1BEF042B0089746C /* BUKPhotoEditViewController */,
				63DEFBB81BEF04250089746C /* AppDelegate.h */,
				63DEFBB91BEF04250089746C /* AppDelegate.m */,
				63DEFBBB1BEF04250089746C /* ViewController.h */,
				63DEFBBC1BEF04250089746C /* ViewController.m */,
				63DEFBBE1BEF04250089746C /* Main.storyboard */,
				63DEFBC11BEF04250089746C /* Assets.xcassets */,
				63DEFBC31BEF04250089746C /* LaunchScreen.storyboard */,
				63DEFBC61BEF04250089746C /* Info.plist */,
				63DEFBB51BEF04250089746C /* Supporting Files */,
			);
			path = BUKPhotoEditViewController;
			sourceTree = "<group>";
		};
		63DEFBB51BEF04250089746C /* Supporting Files */ = {
			isa = PBXGroup;
			children = (
				634D34031C5F2C8700AD3F50 /* 1.jpg */,
				6330CCD41C52144E005FD450 /* 2.png */,
				6339E1051C473BBC001AA9E5 /* CoreImage.framework */,
				63DEFBB61BEF04250089746C /* main.m */,
			);
			name = "Supporting Files";
			sourceTree = "<group>";
		};
		63DEFBCC1BEF042B0089746C /* BUKPhotoEditViewController */ = {
			isa = PBXGroup;
			children = (
				6339E10D1C473CA3001AA9E5 /* Util */,
				6339E10C1C473C88001AA9E5 /* Mosaic */,
				6339E10B1C473C81001AA9E5 /* Clip */,
				6339E10A1C473C7B001AA9E5 /* Filters */,
				63DEFBCF1BEF04640089746C /* BUKPhotoEditViewController.h */,
				63DEFBD01BEF04640089746C /* BUKPhotoEditViewController.m */,
			);
			name = BUKPhotoEditViewController;
			sourceTree = "<group>";
		};
/* End PBXGroup section */

/* Begin PBXNativeTarget section */
		63DEFBB11BEF04250089746C /* BUKPhotoEditViewController */ = {
			isa = PBXNativeTarget;
			buildConfigurationList = 63DEFBC91BEF04250089746C /* Build configuration list for PBXNativeTarget "BUKPhotoEditViewController" */;
			buildPhases = (
				63DEFBAE1BEF04250089746C /* Sources */,
				63DEFBAF1BEF04250089746C /* Frameworks */,
				63DEFBB01BEF04250089746C /* Resources */,
			);
			buildRules = (
			);
			dependencies = (
			);
			name = BUKPhotoEditViewController;
			productName = BUKPhotoEditViewController;
			productReference = 63DEFBB21BEF04250089746C /* BUKPhotoEditViewController.app */;
			productType = "com.apple.product-type.application";
		};
/* End PBXNativeTarget section */

/* Begin PBXProject section */
		63DEFBAA1BEF04250089746C /* Project object */ = {
			isa = PBXProject;
			attributes = {
				LastUpgradeCheck = 0710;
				ORGANIZATIONNAME = lazy;
				TargetAttributes = {
					63DEFBB11BEF04250089746C = {
						CreatedOnToolsVersion = 7.1;
					};
				};
			};
			buildConfigurationList = 63DEFBAD1BEF04250089746C /* Build configuration list for PBXProject "BUKPhotoEditViewController" */;
			compatibilityVersion = "Xcode 3.2";
			developmentRegion = English;
			hasScannedForEncodings = 0;
			knownRegions = (
				en,
				Base,
			);
			mainGroup = 63DEFBA91BEF04250089746C;
			productRefGroup = 63DEFBB31BEF04250089746C /* Products */;
			projectDirPath = "";
			projectRoot = "";
			targets = (
				63DEFBB11BEF04250089746C /* BUKPhotoEditViewController */,
			);
		};
/* End PBXProject section */

/* Begin PBXResourcesBuildPhase section */
		63DEFBB01BEF04250089746C /* Resources */ = {
			isa = PBXResourcesBuildPhase;
			buildActionMask = 2147483647;
			files = (
				63DEFBC51BEF04250089746C /* LaunchScreen.storyboard in Resources */,
				63DEFBC21BEF04250089746C /* Assets.xcassets in Resources */,
				6330CCD51C52144E005FD450 /* 2.png in Resources */,
				63DEFBC01BEF04250089746C /* Main.storyboard in Resources */,
				634D34041C5F2C8700AD3F50 /* 1.jpg in Resources */,
			);
			runOnlyForDeploymentPostprocessing = 0;
		};
/* End PBXResourcesBuildPhase section */

/* Begin PBXSourcesBuildPhase section */
		63DEFBAE1BEF04250089746C /* Sources */ = {
			isa = PBXSourcesBuildPhase;
			buildActionMask = 2147483647;
			files = (
				63DEFBD91BEF04640089746C /* BUKPhotoMosaicViewController.m in Sources */,
				638EBED51C520A23001DAC6E /* BUKPhotoFilter.m in Sources */,
				6339E1101C473E72001AA9E5 /* BUKPhotoFiltersScrollView.m in Sources */,
				6330CCD81C5215AC005FD450 /* UIColor+Theme.m in Sources */,
				63DEFBBD1BEF04250089746C /* ViewController.m in Sources */,
				63DEFBBA1BEF04250089746C /* AppDelegate.m in Sources */,
				6339E1131C474DDA001AA9E5 /* BUKPhotoFilterView.m in Sources */,
				63DEFBD81BEF04640089746C /* BUKPhotoEditViewController.m in Sources */,
				637E02381C5CE3E90057777B /* LCMosaicImageView.m in Sources */,
				63DEFBDB1BEF04640089746C /* UIColor+hex.m in Sources */,
				638EBED81C520DB5001DAC6E /* UIImage+Crop.m in Sources */,
				63DEFBD71BEF04640089746C /* BUKPhotoClipViewController.m in Sources */,
				63DEFBB71BEF04250089746C /* main.m in Sources */,
			);
			runOnlyForDeploymentPostprocessing = 0;
		};
/* End PBXSourcesBuildPhase section */

/* Begin PBXVariantGroup section */
		63DEFBBE1BEF04250089746C /* Main.storyboard */ = {
			isa = PBXVariantGroup;
			children = (
				63DEFBBF1BEF04250089746C /* Base */,
			);
			name = Main.storyboard;
			sourceTree = "<group>";
		};
		63DEFBC31BEF04250089746C /* LaunchScreen.storyboard */ = {
			isa = PBXVariantGroup;
			children = (
				63DEFBC41BEF04250089746C /* Base */,
			);
			name = LaunchScreen.storyboard;
			sourceTree = "<group>";
		};
/* End PBXVariantGroup section */

/* Begin XCBuildConfiguration section */
		63DEFBC71BEF04250089746C /* Debug */ = {
			isa = XCBuildConfiguration;
			buildSettings = {
				ALWAYS_SEARCH_USER_PATHS = NO;
				CLANG_CXX_LANGUAGE_STANDARD = "gnu++0x";
				CLANG_CXX_LIBRARY = "libc++";
				CLANG_ENABLE_MODULES = YES;
				CLANG_ENABLE_OBJC_ARC = YES;
				CLANG_WARN_BOOL_CONVERSION = YES;
				CLANG_WARN_CONSTANT_CONVERSION = YES;
				CLANG_WARN_DIRECT_OBJC_ISA_USAGE = YES_ERROR;
				CLANG_WARN_EMPTY_BODY = YES;
				CLANG_WARN_ENUM_CONVERSION = YES;
				CLANG_WARN_INT_CONVERSION = YES;
				CLANG_WARN_OBJC_ROOT_CLASS = YES_ERROR;
				CLANG_WARN_UNREACHABLE_CODE = YES;
				CLANG_WARN__DUPLICATE_METHOD_MATCH = YES;
				"CODE_SIGN_IDENTITY[sdk=iphoneos*]" = "iPhone Developer";
				COPY_PHASE_STRIP = NO;
				DEBUG_INFORMATION_FORMAT = dwarf;
				ENABLE_STRICT_OBJC_MSGSEND = YES;
				ENABLE_TESTABILITY = YES;
				GCC_C_LANGUAGE_STANDARD = gnu99;
				GCC_DYNAMIC_NO_PIC = NO;
				GCC_NO_COMMON_BLOCKS = YES;
				GCC_OPTIMIZATION_LEVEL = 0;
				GCC_PREPROCESSOR_DEFINITIONS = (
					"DEBUG=1",
					"$(inherited)",
				);
				GCC_WARN_64_TO_32_BIT_CONVERSION = YES;
				GCC_WARN_ABOUT_RETURN_TYPE = YES_ERROR;
				GCC_WARN_UNDECLARED_SELECTOR = YES;
				GCC_WARN_UNINITIALIZED_AUTOS = YES_AGGRESSIVE;
				GCC_WARN_UNUSED_FUNCTION = YES;
				GCC_WARN_UNUSED_VARIABLE = YES;
				IPHONEOS_DEPLOYMENT_TARGET = 9.1;
				MTL_ENABLE_DEBUG_INFO = YES;
				ONLY_ACTIVE_ARCH = YES;
				SDKROOT = iphoneos;
			};
			name = Debug;
		};
		63DEFBC81BEF04250089746C /* Release */ = {
			isa = XCBuildConfiguration;
			buildSettings = {
				ALWAYS_SEARCH_USER_PATHS = NO;
				CLANG_CXX_LANGUAGE_STANDARD = "gnu++0x";
				CLANG_CXX_LIBRARY = "libc++";
				CLANG_ENABLE_MODULES = YES;
				CLANG_ENABLE_OBJC_ARC = YES;
				CLANG_WARN_BOOL_CONVERSION = YES;
				CLANG_WARN_CONSTANT_CONVERSION = YES;
				CLANG_WARN_DIRECT_OBJC_ISA_USAGE = YES_ERROR;
				CLANG_WARN_EMPTY_BODY = YES;
				CLANG_WARN_ENUM_CONVERSION = YES;
				CLANG_WARN_INT_CONVERSION = YES;
				CLANG_WARN_OBJC_ROOT_CLASS = YES_ERROR;
				CLANG_WARN_UNREACHABLE_CODE = YES;
				CLANG_WARN__DUPLICATE_METHOD_MATCH = YES;
				"CODE_SIGN_IDENTITY[sdk=iphoneos*]" = "iPhone Developer";
				COPY_PHASE_STRIP = NO;
				DEBUG_INFORMATION_FORMAT = "dwarf-with-dsym";
				ENABLE_NS_ASSERTIONS = NO;
				ENABLE_STRICT_OBJC_MSGSEND = YES;
				GCC_C_LANGUAGE_STANDARD = gnu99;
				GCC_NO_COMMON_BLOCKS = YES;
				GCC_WARN_64_TO_32_BIT_CONVERSION = YES;
				GCC_WARN_ABOUT_RETURN_TYPE = YES_ERROR;
				GCC_WARN_UNDECLARED_SELECTOR = YES;
				GCC_WARN_UNINITIALIZED_AUTOS = YES_AGGRESSIVE;
				GCC_WARN_UNUSED_FUNCTION = YES;
				GCC_WARN_UNUSED_VARIABLE = YES;
				IPHONEOS_DEPLOYMENT_TARGET = 9.1;
				MTL_ENABLE_DEBUG_INFO = NO;
				SDKROOT = iphoneos;
				VALIDATE_PRODUCT = YES;
			};
			name = Release;
		};
		63DEFBCA1BEF04250089746C /* Debug */ = {
			isa = XCBuildConfiguration;
			buildSettings = {
				ASSETCATALOG_COMPILER_APPICON_NAME = AppIcon;
				INFOPLIST_FILE = BUKPhotoEditViewController/Info.plist;
				IPHONEOS_DEPLOYMENT_TARGET = 7.0;
				LD_RUNPATH_SEARCH_PATHS = "$(inherited) @executable_path/Frameworks";
				PRODUCT_BUNDLE_IDENTIFIER = com.baixing.lazy.BUKPhotoEditViewController;
				PRODUCT_NAME = "$(TARGET_NAME)";
			};
			name = Debug;
		};
		63DEFBCB1BEF04250089746C /* Release */ = {
			isa = XCBuildConfiguration;
			buildSettings = {
				ASSETCATALOG_COMPILER_APPICON_NAME = AppIcon;
				INFOPLIST_FILE = BUKPhotoEditViewController/Info.plist;
				IPHONEOS_DEPLOYMENT_TARGET = 7.0;
				LD_RUNPATH_SEARCH_PATHS = "$(inherited) @executable_path/Frameworks";
				PRODUCT_BUNDLE_IDENTIFIER = com.baixing.lazy.BUKPhotoEditViewController;
				PRODUCT_NAME = "$(TARGET_NAME)";
			};
			name = Release;
		};
/* End XCBuildConfiguration section */

/* Begin XCConfigurationList section */
		63DEFBAD1BEF04250089746C /* Build configuration list for PBXProject "BUKPhotoEditViewController" */ = {
			isa = XCConfigurationList;
			buildConfigurations = (
				63DEFBC71BEF04250089746C /* Debug */,
				63DEFBC81BEF04250089746C /* Release */,
			);
			defaultConfigurationIsVisible = 0;
			defaultConfigurationName = Release;
		};
		63DEFBC91BEF04250089746C /* Build configuration list for PBXNativeTarget "BUKPhotoEditViewController" */ = {
			isa = XCConfigurationList;
			buildConfigurations = (
				63DEFBCA1BEF04250089746C /* Debug */,
				63DEFBCB1BEF04250089746C /* Release */,
			);
			defaultConfigurationIsVisible = 0;
			defaultConfigurationName = Release;
		};
/* End XCConfigurationList section */
	};
	rootObject = 63DEFBAA1BEF04250089746C /* Project object */;
}
